// !$*UTF8*$!
{
	archiveVersion = 1;
	classes = {
	};
	objectVersion = 46;
	objects = {

/* Begin PBXBuildFile section */
		ED2314161E778D190077A256 /* main.m in Sources */ = {isa = PBXBuildFile; fileRef = ED2314151E778D190077A256 /* main.m */; };
		ED2314191E778D190077A256 /* AppDelegate.m in Sources */ = {isa = PBXBuildFile; fileRef = ED2314181E778D190077A256 /* AppDelegate.m */; };
		ED23141C1E778D190077A256 /* ViewController.m in Sources */ = {isa = PBXBuildFile; fileRef = ED23141B1E778D190077A256 /* ViewController.m */; };
		ED23141F1E778D190077A256 /* Main.storyboard in Resources */ = {isa = PBXBuildFile; fileRef = ED23141D1E778D190077A256 /* Main.storyboard */; };
		ED2314211E778D190077A256 /* Assets.xcassets in Resources */ = {isa = PBXBuildFile; fileRef = ED2314201E778D190077A256 /* Assets.xcassets */; };
		ED2314241E778D190077A256 /* LaunchScreen.storyboard in Resources */ = {isa = PBXBuildFile; fileRef = ED2314221E778D190077A256 /* LaunchScreen.storyboard */; };
		ED23142F1E778FFE0077A256 /* ImageAndAddCell.m in Sources */ = {isa = PBXBuildFile; fileRef = ED23142E1E778FFE0077A256 /* ImageAndAddCell.m */; };
		ED23143C1E7790130077A256 /* Cloth.m in Sources */ = {isa = PBXBuildFile; fileRef = ED2314311E7790130077A256 /* Cloth.m */; };
		ED23143D1E7790130077A256 /* Drink.m in Sources */ = {isa = PBXBuildFile; fileRef = ED2314331E7790130077A256 /* Drink.m */; };
		ED23143E1E7790130077A256 /* Food.m in Sources */ = {isa = PBXBuildFile; fileRef = ED2314351E7790130077A256 /* Food.m */; };
		ED23143F1E7790130077A256 /* Material.m in Sources */ = {isa = PBXBuildFile; fileRef = ED2314371E7790130077A256 /* Material.m */; };
		ED2314401E7790130077A256 /* Products.m in Sources */ = {isa = PBXBuildFile; fileRef = ED2314391E7790130077A256 /* Products.m */; };
		ED2314411E7790130077A256 /* ShoppingCart.m in Sources */ = {isa = PBXBuildFile; fileRef = ED23143B1E7790130077A256 /* ShoppingCart.m */; };
		ED2314451E779B6B0077A256 /* ClothTableViewController.m in Sources */ = {isa = PBXBuildFile; fileRef = ED2314441E779B6B0077A256 /* ClothTableViewController.m */; };
		ED2314481E779BE30077A256 /* CloseKeyboardCell.m in Sources */ = {isa = PBXBuildFile; fileRef = ED2314471E779BE30077A256 /* CloseKeyboardCell.m */; };
		EDB63AA21E78CB40004FDE89 /* TextFieldCell.m in Sources */ = {isa = PBXBuildFile; fileRef = EDB63AA11E78CB40004FDE89 /* TextFieldCell.m */; };
		EDB63AA51E78CFA0004FDE89 /* DoneAndCancelBtnCell.m in Sources */ = {isa = PBXBuildFile; fileRef = EDB63AA41E78CFA0004FDE89 /* DoneAndCancelBtnCell.m */; };
		EDB63AA81E78DFD5004FDE89 /* FoodTableViewController.m in Sources */ = {isa = PBXBuildFile; fileRef = EDB63AA71E78DFD5004FDE89 /* FoodTableViewController.m */; };
		EDB63AAB1E78DFE4004FDE89 /* DrinkTableViewController.m in Sources */ = {isa = PBXBuildFile; fileRef = EDB63AAA1E78DFE4004FDE89 /* DrinkTableViewController.m */; };
		EDB63AAE1E78DFF4004FDE89 /* ShoppingCartTableViewController.m in Sources */ = {isa = PBXBuildFile; fileRef = EDB63AAD1E78DFF4004FDE89 /* ShoppingCartTableViewController.m */; };
		EDB63AB11E78EDA8004FDE89 /* ProductImageCellTableViewCell.m in Sources */ = {isa = PBXBuildFile; fileRef = EDB63AB01E78EDA8004FDE89 /* ProductImageCellTableViewCell.m */; };
/* End PBXBuildFile section */

/* Begin PBXContainerItemProxy section */
		EDB2AF531E7A257400FCE1B6 /* PBXContainerItemProxy */ = {
			isa = PBXContainerItemProxy;
			containerPortal = EDB2AF4F1E7A257300FCE1B6 /* NaviShoppingCart.xcodeproj */;
			proxyType = 2;
			remoteGlobalIDString = EDB2AF351E7A257300FCE1B6;
			remoteInfo = NaviShoppingCart;
		};
/* End PBXContainerItemProxy section */

/* Begin PBXFileReference section */
		ED2314111E778D190077A256 /* TableShoppingCart.app */ = {isa = PBXFileReference; explicitFileType = wrapper.application; includeInIndex = 0; path = TableShoppingCart.app; sourceTree = BUILT_PRODUCTS_DIR; };
		ED2314151E778D190077A256 /* main.m */ = {isa = PBXFileReference; lastKnownFileType = sourcecode.c.objc; path = main.m; sourceTree = "<group>"; };
		ED2314171E778D190077A256 /* AppDelegate.h */ = {isa = PBXFileReference; lastKnownFileType = sourcecode.c.h; path = AppDelegate.h; sourceTree = "<group>"; };
		ED2314181E778D190077A256 /* AppDelegate.m */ = {isa = PBXFileReference; lastKnownFileType = sourcecode.c.objc; path = AppDelegate.m; sourceTree = "<group>"; };
		ED23141A1E778D190077A256 /* ViewController.h */ = {isa = PBXFileReference; lastKnownFileType = sourcecode.c.h; path = ViewController.h; sourceTree = "<group>"; };
		ED23141B1E778D190077A256 /* ViewController.m */ = {isa = PBXFileReference; lastKnownFileType = sourcecode.c.objc; path = ViewController.m; sourceTree = "<group>"; };
		ED23141E1E778D190077A256 /* Base */ = {isa = PBXFileReference; lastKnownFileType = file.storyboard; name = Base; path = Base.lproj/Main.storyboard; sourceTree = "<group>"; };
		ED2314201E778D190077A256 /* Assets.xcassets */ = {isa = PBXFileReference; lastKnownFileType = folder.assetcatalog; path = Assets.xcassets; sourceTree = "<group>"; };
		ED2314231E778D190077A256 /* Base */ = {isa = PBXFileReference; lastKnownFileType = file.storyboard; name = Base; path = Base.lproj/LaunchScreen.storyboard; sourceTree = "<group>"; };
		ED2314251E778D190077A256 /* Info.plist */ = {isa = PBXFileReference; lastKnownFileType = text.plist.xml; path = Info.plist; sourceTree = "<group>"; };
		ED23142D1E778FFE0077A256 /* ImageAndAddCell.h */ = {isa = PBXFileReference; fileEncoding = 4; lastKnownFileType = sourcecode.c.h; path = ImageAndAddCell.h; sourceTree = "<group>"; };
		ED23142E1E778FFE0077A256 /* ImageAndAddCell.m */ = {isa = PBXFileReference; fileEncoding = 4; lastKnownFileType = sourcecode.c.objc; path = ImageAndAddCell.m; sourceTree = "<group>"; };
		ED2314301E7790130077A256 /* Cloth.h */ = {isa = PBXFileReference; fileEncoding = 4; lastKnownFileType = sourcecode.c.h; path = Cloth.h; sourceTree = "<group>"; };
		ED2314311E7790130077A256 /* Cloth.m */ = {isa = PBXFileReference; fileEncoding = 4; lastKnownFileType = sourcecode.c.objc; path = Cloth.m; sourceTree = "<group>"; };
		ED2314321E7790130077A256 /* Drink.h */ = {isa = PBXFileReference; fileEncoding = 4; lastKnownFileType = sourcecode.c.h; path = Drink.h; sourceTree = "<group>"; };
		ED2314331E7790130077A256 /* Drink.m */ = {isa = PBXFileReference; fileEncoding = 4; lastKnownFileType = sourcecode.c.objc; path = Drink.m; sourceTree = "<group>"; };
		ED2314341E7790130077A256 /* Food.h */ = {isa = PBXFileReference; fileEncoding = 4; lastKnownFileType = sourcecode.c.h; path = Food.h; sourceTree = "<group>"; };
		ED2314351E7790130077A256 /* Food.m */ = {isa = PBXFileReference; fileEncoding = 4; lastKnownFileType = sourcecode.c.objc; path = Food.m; sourceTree = "<group>"; };
		ED2314361E7790130077A256 /* Material.h */ = {isa = PBXFileReference; fileEncoding = 4; lastKnownFileType = sourcecode.c.h; path = Material.h; sourceTree = "<group>"; };
		ED2314371E7790130077A256 /* Material.m */ = {isa = PBXFileReference; fileEncoding = 4; lastKnownFileType = sourcecode.c.objc; path = Material.m; sourceTree = "<group>"; };
		ED2314381E7790130077A256 /* Products.h */ = {isa = PBXFileReference; fileEncoding = 4; lastKnownFileType = sourcecode.c.h; path = Products.h; sourceTree = "<group>"; };
		ED2314391E7790130077A256 /* Products.m */ = {isa = PBXFileReference; fileEncoding = 4; lastKnownFileType = sourcecode.c.objc; path = Products.m; sourceTree = "<group>"; };
		ED23143A1E7790130077A256 /* ShoppingCart.h */ = {isa = PBXFileReference; fileEncoding = 4; lastKnownFileType = sourcecode.c.h; path = ShoppingCart.h; sourceTree = "<group>"; };
		ED23143B1E7790130077A256 /* ShoppingCart.m */ = {isa = PBXFileReference; fileEncoding = 4; lastKnownFileType = sourcecode.c.objc; path = ShoppingCart.m; sourceTree = "<group>"; };
		ED2314431E779B6B0077A256 /* ClothTableViewController.h */ = {isa = PBXFileReference; fileEncoding = 4; lastKnownFileType = sourcecode.c.h; path = ClothTableViewController.h; sourceTree = "<group>"; };
		ED2314441E779B6B0077A256 /* ClothTableViewController.m */ = {isa = PBXFileReference; fileEncoding = 4; lastKnownFileType = sourcecode.c.objc; path = ClothTableViewController.m; sourceTree = "<group>"; };
		ED2314461E779BE30077A256 /* CloseKeyboardCell.h */ = {isa = PBXFileReference; fileEncoding = 4; lastKnownFileType = sourcecode.c.h; path = CloseKeyboardCell.h; sourceTree = "<group>"; };
		ED2314471E779BE30077A256 /* CloseKeyboardCell.m */ = {isa = PBXFileReference; fileEncoding = 4; lastKnownFileType = sourcecode.c.objc; path = CloseKeyboardCell.m; sourceTree = "<group>"; };
		EDB2AF4F1E7A257300FCE1B6 /* NaviShoppingCart.xcodeproj */ = {isa = PBXFileReference; lastKnownFileType = "wrapper.pb-project"; name = NaviShoppingCart.xcodeproj; path = NaviShoppingCart/NaviShoppingCart.xcodeproj; sourceTree = "<group>"; };
		EDB63AA01E78CB40004FDE89 /* TextFieldCell.h */ = {isa = PBXFileReference; fileEncoding = 4; lastKnownFileType = sourcecode.c.h; path = TextFieldCell.h; sourceTree = "<group>"; };
		EDB63AA11E78CB40004FDE89 /* TextFieldCell.m */ = {isa = PBXFileReference; fileEncoding = 4; lastKnownFileType = sourcecode.c.objc; path = TextFieldCell.m; sourceTree = "<group>"; };
		EDB63AA31E78CFA0004FDE89 /* DoneAndCancelBtnCell.h */ = {isa = PBXFileReference; fileEncoding = 4; lastKnownFileType = sourcecode.c.h; path = DoneAndCancelBtnCell.h; sourceTree = "<group>"; };
		EDB63AA41E78CFA0004FDE89 /* DoneAndCancelBtnCell.m */ = {isa = PBXFileReference; fileEncoding = 4; lastKnownFileType = sourcecode.c.objc; path = DoneAndCancelBtnCell.m; sourceTree = "<group>"; };
		EDB63AA61E78DFD5004FDE89 /* FoodTableViewController.h */ = {isa = PBXFileReference; fileEncoding = 4; lastKnownFileType = sourcecode.c.h; path = FoodTableViewController.h; sourceTree = "<group>"; };
		EDB63AA71E78DFD5004FDE89 /* FoodTableViewController.m */ = {isa = PBXFileReference; fileEncoding = 4; lastKnownFileType = sourcecode.c.objc; path = FoodTableViewController.m; sourceTree = "<group>"; };
		EDB63AA91E78DFE4004FDE89 /* DrinkTableViewController.h */ = {isa = PBXFileReference; fileEncoding = 4; lastKnownFileType = sourcecode.c.h; path = DrinkTableViewController.h; sourceTree = "<group>"; };
		EDB63AAA1E78DFE4004FDE89 /* DrinkTableViewController.m */ = {isa = PBXFileReference; fileEncoding = 4; lastKnownFileType = sourcecode.c.objc; path = DrinkTableViewController.m; sourceTree = "<group>"; };
		EDB63AAC1E78DFF4004FDE89 /* ShoppingCartTableViewController.h */ = {isa = PBXFileReference; fileEncoding = 4; lastKnownFileType = sourcecode.c.h; path = ShoppingCartTableViewController.h; sourceTree = "<group>"; };
		EDB63AAD1E78DFF4004FDE89 /* ShoppingCartTableViewController.m */ = {isa = PBXFileReference; fileEncoding = 4; lastKnownFileType = sourcecode.c.objc; path = ShoppingCartTableViewController.m; sourceTree = "<group>"; };
		EDB63AAF1E78EDA8004FDE89 /* ProductImageCellTableViewCell.h */ = {isa = PBXFileReference; fileEncoding = 4; lastKnownFileType = sourcecode.c.h; path = ProductImageCellTableViewCell.h; sourceTree = "<group>"; };
		EDB63AB01E78EDA8004FDE89 /* ProductImageCellTableViewCell.m */ = {isa = PBXFileReference; fileEncoding = 4; lastKnownFileType = sourcecode.c.objc; path = ProductImageCellTableViewCell.m; sourceTree = "<group>"; };
/* End PBXFileReference section */

/* Begin PBXFrameworksBuildPhase section */
		ED23140E1E778D190077A256 /* Frameworks */ = {
			isa = PBXFrameworksBuildPhase;
			buildActionMask = 2147483647;
			files = (
			);
			runOnlyForDeploymentPostprocessing = 0;
		};
/* End PBXFrameworksBuildPhase section */

/* Begin PBXGroup section */
		ED2314081E778D190077A256 = {
			isa = PBXGroup;
			children = (
				EDB2AF4F1E7A257300FCE1B6 /* NaviShoppingCart.xcodeproj */,
				ED2314131E778D190077A256 /* TableShoppingCart */,
				ED2314121E778D190077A256 /* Products */,
			);
			sourceTree = "<group>";
		};
		ED2314121E778D190077A256 /* Products */ = {
			isa = PBXGroup;
			children = (
				ED2314111E778D190077A256 /* TableShoppingCart.app */,
			);
			name = Products;
			sourceTree = "<group>";
		};
		ED2314131E778D190077A256 /* TableShoppingCart */ = {
			isa = PBXGroup;
			children = (
				ED23142C1E778FA60077A256 /* Model */,
				ED23142B1E778F9A0077A256 /* TableCell */,
				ED2314421E779B4A0077A256 /* TableViewController */,
				ED2314181E778D190077A256 /* AppDelegate.m */,
				ED2314171E778D190077A256 /* AppDelegate.h */,
				ED23141D1E778D190077A256 /* Main.storyboard */,
				ED2314201E778D190077A256 /* Assets.xcassets */,
				ED2314221E778D190077A256 /* LaunchScreen.storyboard */,
				ED2314251E778D190077A256 /* Info.plist */,
				ED2314141E778D190077A256 /* Supporting Files */,
			);
			path = TableShoppingCart;
			sourceTree = "<group>";
		};
		ED2314141E778D190077A256 /* Supporting Files */ = {
			isa = PBXGroup;
			children = (
				ED2314151E778D190077A256 /* main.m */,
			);
			name = "Supporting Files";
			sourceTree = "<group>";
		};
		ED23142B1E778F9A0077A256 /* TableCell */ = {
			isa = PBXGroup;
			children = (
				ED23142D1E778FFE0077A256 /* ImageAndAddCell.h */,
				ED23142E1E778FFE0077A256 /* ImageAndAddCell.m */,
				ED2314461E779BE30077A256 /* CloseKeyboardCell.h */,
				ED2314471E779BE30077A256 /* CloseKeyboardCell.m */,
				EDB63AA01E78CB40004FDE89 /* TextFieldCell.h */,
				EDB63AA11E78CB40004FDE89 /* TextFieldCell.m */,
				EDB63AA31E78CFA0004FDE89 /* DoneAndCancelBtnCell.h */,
				EDB63AA41E78CFA0004FDE89 /* DoneAndCancelBtnCell.m */,
				EDB63AAF1E78EDA8004FDE89 /* ProductImageCellTableViewCell.h */,
				EDB63AB01E78EDA8004FDE89 /* ProductImageCellTableViewCell.m */,
			);
			name = TableCell;
			sourceTree = "<group>";
		};
		ED23142C1E778FA60077A256 /* Model */ = {
			isa = PBXGroup;
			children = (
				ED2314301E7790130077A256 /* Cloth.h */,
				ED2314311E7790130077A256 /* Cloth.m */,
				ED2314321E7790130077A256 /* Drink.h */,
				ED2314331E7790130077A256 /* Drink.m */,
				ED2314341E7790130077A256 /* Food.h */,
				ED2314351E7790130077A256 /* Food.m */,
				ED2314361E7790130077A256 /* Material.h */,
				ED2314371E7790130077A256 /* Material.m */,
				ED2314381E7790130077A256 /* Products.h */,
				ED2314391E7790130077A256 /* Products.m */,
				ED23143A1E7790130077A256 /* ShoppingCart.h */,
				ED23143B1E7790130077A256 /* ShoppingCart.m */,
			);
			name = Model;
			sourceTree = "<group>";
		};
		ED2314421E779B4A0077A256 /* TableViewController */ = {
			isa = PBXGroup;
			children = (
				ED23141A1E778D190077A256 /* ViewController.h */,
				ED23141B1E778D190077A256 /* ViewController.m */,
				ED2314431E779B6B0077A256 /* ClothTableViewController.h */,
				ED2314441E779B6B0077A256 /* ClothTableViewController.m */,
				EDB63AA61E78DFD5004FDE89 /* FoodTableViewController.h */,
				EDB63AA71E78DFD5004FDE89 /* FoodTableViewController.m */,
				EDB63AA91E78DFE4004FDE89 /* DrinkTableViewController.h */,
				EDB63AAA1E78DFE4004FDE89 /* DrinkTableViewController.m */,
				EDB63AAC1E78DFF4004FDE89 /* ShoppingCartTableViewController.h */,
				EDB63AAD1E78DFF4004FDE89 /* ShoppingCartTableViewController.m */,
			);
			name = TableViewController;
			sourceTree = "<group>";
		};
		EDB2AF501E7A257300FCE1B6 /* Products */ = {
			isa = PBXGroup;
			children = (
				EDB2AF541E7A257400FCE1B6 /* NaviShoppingCart.app */,
			);
			name = Products;
			sourceTree = "<group>";
		};
/* End PBXGroup section */

/* Begin PBXNativeTarget section */
		ED2314101E778D190077A256 /* TableShoppingCart */ = {
			isa = PBXNativeTarget;
			buildConfigurationList = ED2314281E778D190077A256 /* Build configuration list for PBXNativeTarget "TableShoppingCart" */;
			buildPhases = (
				ED23140D1E778D190077A256 /* Sources */,
				ED23140E1E778D190077A256 /* Frameworks */,
				ED23140F1E778D190077A256 /* Resources */,
			);
			buildRules = (
			);
			dependencies = (
			);
			name = TableShoppingCart;
			productName = TableShoppingCart;
			productReference = ED2314111E778D190077A256 /* TableShoppingCart.app */;
			productType = "com.apple.product-type.application";
		};
/* End PBXNativeTarget section */

/* Begin PBXProject section */
		ED2314091E778D190077A256 /* Project object */ = {
			isa = PBXProject;
			attributes = {
				LastUpgradeCheck = 0820;
				ORGANIZATIONNAME = CICCC;
				TargetAttributes = {
					ED2314101E778D190077A256 = {
						CreatedOnToolsVersion = 8.2.1;
						DevelopmentTeam = MY9Q5UCLRX;
						ProvisioningStyle = Automatic;
					};
				};
			};
			buildConfigurationList = ED23140C1E778D190077A256 /* Build configuration list for PBXProject "TableShoppingCart" */;
			compatibilityVersion = "Xcode 3.2";
			developmentRegion = English;
			hasScannedForEncodings = 0;
			knownRegions = (
				en,
				Base,
			);
			mainGroup = ED2314081E778D190077A256;
			productRefGroup = ED2314121E778D190077A256 /* Products */;
			projectDirPath = "";
			projectReferences = (
				{
					ProductGroup = EDB2AF501E7A257300FCE1B6 /* Products */;
					ProjectRef = EDB2AF4F1E7A257300FCE1B6 /* NaviShoppingCart.xcodeproj */;
				},
			);
			projectRoot = "";
			targets = (
				ED2314101E778D190077A256 /* TableShoppingCart */,
			);
		};
/* End PBXProject section */

/* Begin PBXReferenceProxy section */
		EDB2AF541E7A257400FCE1B6 /* NaviShoppingCart.app */ = {
			isa = PBXReferenceProxy;
			fileType = wrapper.application;
			path = NaviShoppingCart.app;
			remoteRef = EDB2AF531E7A257400FCE1B6 /* PBXContainerItemProxy */;
			sourceTree = BUILT_PRODUCTS_DIR;
		};
/* End PBXReferenceProxy section */

/* Begin PBXResourcesBuildPhase section */
		ED23140F1E778D190077A256 /* Resources */ = {
			isa = PBXResourcesBuildPhase;
			buildActionMask = 2147483647;
			files = (
				ED2314241E778D190077A256 /* LaunchScreen.storyboard in Resources */,
				ED2314211E778D190077A256 /* Assets.xcassets in Resources */,
				ED23141F1E778D190077A256 /* Main.storyboard in Resources */,
			);
			runOnlyForDeploymentPostprocessing = 0;
		};
/* End PBXResourcesBuildPhase section */

/* Begin PBXSourcesBuildPhase section */
		ED23140D1E778D190077A256 /* Sources */ = {
			isa = PBXSourcesBuildPhase;
			buildActionMask = 2147483647;
			files = (
				EDB63AAE1E78DFF4004FDE89 /* ShoppingCartTableViewController.m in Sources */,
				EDB63AB11E78EDA8004FDE89 /* ProductImageCellTableViewCell.m in Sources */,
				EDB63AA51E78CFA0004FDE89 /* DoneAndCancelBtnCell.m in Sources */,
				ED23143D1E7790130077A256 /* Drink.m in Sources */,
				ED23143E1E7790130077A256 /* Food.m in Sources */,
				ED23143C1E7790130077A256 /* Cloth.m in Sources */,
				EDB63AAB1E78DFE4004FDE89 /* DrinkTableViewController.m in Sources */,
				EDB63AA21E78CB40004FDE89 /* TextFieldCell.m in Sources */,
				ED23141C1E778D190077A256 /* ViewController.m in Sources */,
				EDB63AA81E78DFD5004FDE89 /* FoodTableViewController.m in Sources */,
				ED2314451E779B6B0077A256 /* ClothTableViewController.m in Sources */,
				ED2314481E779BE30077A256 /* CloseKeyboardCell.m in Sources */,
				ED23143F1E7790130077A256 /* Material.m in Sources */,
				ED2314191E778D190077A256 /* AppDelegate.m in Sources */,
				ED2314401E7790130077A256 /* Products.m in Sources */,
				ED2314161E778D190077A256 /* main.m in Sources */,
				ED23142F1E778FFE0077A256 /* ImageAndAddCell.m in Sources */,
				ED2314411E7790130077A256 /* ShoppingCart.m in Sources */,
			);
			runOnlyForDeploymentPostprocessing = 0;
		};
/* End PBXSourcesBuildPhase section */

/* Begin PBXVariantGroup section */
		ED23141D1E778D190077A256 /* Main.storyboard */ = {
			isa = PBXVariantGroup;
			children = (
				ED23141E1E778D190077A256 /* Base */,
			);
			name = Main.storyboard;
			sourceTree = "<group>";
		};
		ED2314221E778D190077A256 /* LaunchScreen.storyboard */ = {
			isa = PBXVariantGroup;
			children = (
				ED2314231E778D190077A256 /* Base */,
			);
			name = LaunchScreen.storyboard;
			sourceTree = "<group>";
		};
/* End PBXVariantGroup section */

/* Begin XCBuildConfiguration section */
		ED2314261E778D190077A256 /* Debug */ = {
			isa = XCBuildConfiguration;
			buildSettings = {
				ALWAYS_SEARCH_USER_PATHS = NO;
				CLANG_ANALYZER_NONNULL = YES;
				CLANG_CXX_LANGUAGE_STANDARD = "gnu++0x";
				CLANG_CXX_LIBRARY = "libc++";
				CLANG_ENABLE_MODULES = YES;
				CLANG_ENABLE_OBJC_ARC = YES;
				CLANG_WARN_BOOL_CONVERSION = YES;
				CLANG_WARN_CONSTANT_CONVERSION = YES;
				CLANG_WARN_DIRECT_OBJC_ISA_USAGE = YES_ERROR;
				CLANG_WARN_DOCUMENTATION_COMMENTS = YES;
				CLANG_WARN_EMPTY_BODY = YES;
				CLANG_WARN_ENUM_CONVERSION = YES;
				CLANG_WARN_INFINITE_RECURSION = YES;
				CLANG_WARN_INT_CONVERSION = YES;
				CLANG_WARN_OBJC_ROOT_CLASS = YES_ERROR;
				CLANG_WARN_SUSPICIOUS_MOVE = YES;
				CLANG_WARN_UNREACHABLE_CODE = YES;
				CLANG_WARN__DUPLICATE_METHOD_MATCH = YES;
				"CODE_SIGN_IDENTITY[sdk=iphoneos*]" = "iPhone Developer";
				COPY_PHASE_STRIP = NO;
				DEBUG_INFORMATION_FORMAT = dwarf;
				ENABLE_STRICT_OBJC_MSGSEND = YES;
				ENABLE_TESTABILITY = YES;
				GCC_C_LANGUAGE_STANDARD = gnu99;
				GCC_DYNAMIC_NO_PIC = NO;
				GCC_NO_COMMON_BLOCKS = YES;
				GCC_OPTIMIZATION_LEVEL = 0;
				GCC_PREPROCESSOR_DEFINITIONS = (
					"DEBUG=1",
					"$(inherited)",
				);
				GCC_WARN_64_TO_32_BIT_CONVERSION = YES;
				GCC_WARN_ABOUT_RETURN_TYPE = YES_ERROR;
				GCC_WARN_UNDECLARED_SELECTOR = YES;
				GCC_WARN_UNINITIALIZED_AUTOS = YES_AGGRESSIVE;
				GCC_WARN_UNUSED_FUNCTION = YES;
				GCC_WARN_UNUSED_VARIABLE = YES;
				IPHONEOS_DEPLOYMENT_TARGET = 10.2;
				MTL_ENABLE_DEBUG_INFO = YES;
				ONLY_ACTIVE_ARCH = YES;
				SDKROOT = iphoneos;
			};
			name = Debug;
		};
		ED2314271E778D190077A256 /* Release */ = {
			isa = XCBuildConfiguration;
			buildSettings = {
				ALWAYS_SEARCH_USER_PATHS = NO;
				CLANG_ANALYZER_NONNULL = YES;
				CLANG_CXX_LANGUAGE_STANDARD = "gnu++0x";
				CLANG_CXX_LIBRARY = "libc++";
				CLANG_ENABLE_MODULES = YES;
				CLANG_ENABLE_OBJC_ARC = YES;
				CLANG_WARN_BOOL_CONVERSION = YES;
				CLANG_WARN_CONSTANT_CONVERSION = YES;
				CLANG_WARN_DIRECT_OBJC_ISA_USAGE = YES_ERROR;
				CLANG_WARN_DOCUMENTATION_COMMENTS = YES;
				CLANG_WARN_EMPTY_BODY = YES;
				CLANG_WARN_ENUM_CONVERSION = YES;
				CLANG_WARN_INFINITE_RECURSION = YES;
				CLANG_WARN_INT_CONVERSION = YES;
				CLANG_WARN_OBJC_ROOT_CLASS = YES_ERROR;
				CLANG_WARN_SUSPICIOUS_MOVE = YES;
				CLANG_WARN_UNREACHABLE_CODE = YES;
				CLANG_WARN__DUPLICATE_METHOD_MATCH = YES;
				"CODE_SIGN_IDENTITY[sdk=iphoneos*]" = "iPhone Developer";
				COPY_PHASE_STRIP = NO;
				DEBUG_INFORMATION_FORMAT = "dwarf-with-dsym";
				ENABLE_NS_ASSERTIONS = NO;
				ENABLE_STRICT_OBJC_MSGSEND = YES;
				GCC_C_LANGUAGE_STANDARD = gnu99;
				GCC_NO_COMMON_BLOCKS = YES;
				GCC_WARN_64_TO_32_BIT_CONVERSION = YES;
				GCC_WARN_ABOUT_RETURN_TYPE = YES_ERROR;
				GCC_WARN_UNDECLARED_SELECTOR = YES;
				GCC_WARN_UNINITIALIZED_AUTOS = YES_AGGRESSIVE;
				GCC_WARN_UNUSED_FUNCTION = YES;
				GCC_WARN_UNUSED_VARIABLE = YES;
				IPHONEOS_DEPLOYMENT_TARGET = 10.2;
				MTL_ENABLE_DEBUG_INFO = NO;
				SDKROOT = iphoneos;
				VALIDATE_PRODUCT = YES;
			};
			name = Release;
		};
		ED2314291E778D190077A256 /* Debug */ = {
			isa = XCBuildConfiguration;
			buildSettings = {
				ASSETCATALOG_COMPILER_APPICON_NAME = AppIcon;
				DEVELOPMENT_TEAM = MY9Q5UCLRX;
				INFOPLIST_FILE = TableShoppingCart/Info.plist;
				LD_RUNPATH_SEARCH_PATHS = "$(inherited) @executable_path/Frameworks";
				PRODUCT_BUNDLE_IDENTIFIER = ca.CICCC.TableShoppingCart;
				PRODUCT_NAME = "$(TARGET_NAME)";
			};
			name = Debug;
		};
		ED23142A1E778D190077A256 /* Release */ = {
			isa = XCBuildConfiguration;
			buildSettings = {
				ASSETCATALOG_COMPILER_APPICON_NAME = AppIcon;
				DEVELOPMENT_TEAM = MY9Q5UCLRX;
				INFOPLIST_FILE = TableShoppingCart/Info.plist;
				LD_RUNPATH_SEARCH_PATHS = "$(inherited) @executable_path/Frameworks";
				PRODUCT_BUNDLE_IDENTIFIER = ca.CICCC.TableShoppingCart;
				PRODUCT_NAME = "$(TARGET_NAME)";
			};
			name = Release;
		};
/* End XCBuildConfiguration section */

/* Begin XCConfigurationList section */
		ED23140C1E778D190077A256 /* Build configuration list for PBXProject "TableShoppingCart" */ = {
			isa = XCConfigurationList;
			buildConfigurations = (
				ED2314261E778D190077A256 /* Debug */,
				ED2314271E778D190077A256 /* Release */,
			);
			defaultConfigurationIsVisible = 0;
			defaultConfigurationName = Release;
		};
		ED2314281E778D190077A256 /* Build configuration list for PBXNativeTarget "TableShoppingCart" */ = {
			isa = XCConfigurationList;
			buildConfigurations = (
				ED2314291E778D190077A256 /* Debug */,
				ED23142A1E778D190077A256 /* Release */,
			);
			defaultConfigurationIsVisible = 0;
			defaultConfigurationName = Release;
		};
/* End XCConfigurationList section */
	};
	rootObject = ED2314091E778D190077A256 /* Project object */;
}
